{
  "version": 4,
  "terraform_version": "1.2.6",
  "serial": 89,
  "lineage": "4da6ad69-a195-18f4-fd90-0403bfd69096",
  "outputs": {},
  "resources": [
    {
      "mode": "data",
      "type": "azurerm_image",
      "name": "webserver",
      "provider": "provider[\"registry.terraform.io/hashicorp/azurerm\"]",
      "instances": [
        {
          "schema_version": 0,
          "attributes": {
            "data_disk": [],
            "id": "/subscriptions/622411f9-056b-4cd2-8612-cd26091f1c5c/resourceGroups/Azuredevops/providers/Microsoft.Compute/images/WebServerImage",
            "location": "eastus",
            "name": "WebServerImage",
            "name_regex": null,
            "os_disk": [
              {
                "blob_uri": "",
                "caching": "ReadWrite",
                "managed_disk_id": "/subscriptions/622411f9-056b-4cd2-8612-cd26091f1c5c/resourceGroups/Azuredevops/providers/Microsoft.Compute/disks/pkrosyp41ushn6e",
                "os_state": "Generalized",
                "os_type": "Linux",
                "size_gb": 30
              }
            ],
            "resource_group_name": "Azuredevops",
            "sort_descending": false,
            "tags": {
              "resources": ""
            },
            "timeouts": null,
            "zone_resilient": false
          },
          "sensitive_attributes": []
        }
      ]
    },
    {
      "mode": "data",
      "type": "azurerm_resource_group",
      "name": "Azuredevops",
      "provider": "provider[\"registry.terraform.io/hashicorp/azurerm\"]",
      "instances": [
        {
          "schema_version": 0,
          "attributes": {
            "id": "/subscriptions/622411f9-056b-4cd2-8612-cd26091f1c5c/resourceGroups/Azuredevops",
            "location": "eastus",
            "name": "Azuredevops",
            "tags": {
              "DeploymentId": "203478",
              "LaunchId": "1346",
              "LaunchType": "ON_DEMAND_LAB",
              "TemplateId": "1181",
              "TenantId": "none"
            },
            "timeouts": null
          },
          "sensitive_attributes": []
        }
      ]
    },
    {
      "mode": "managed",
      "type": "azurerm_availability_set",
      "name": "main",
      "provider": "provider[\"registry.terraform.io/hashicorp/azurerm\"]",
      "instances": [
        {
          "schema_version": 0,
          "attributes": {
            "id": "/subscriptions/622411f9-056b-4cd2-8612-cd26091f1c5c/resourceGroups/Azuredevops/providers/Microsoft.Compute/availabilitySets/Azuredevops-aset",
            "location": "eastus",
            "managed": true,
            "name": "Azuredevops-aset",
            "platform_fault_domain_count": 3,
            "platform_update_domain_count": 5,
            "proximity_placement_group_id": null,
            "resource_group_name": "Azuredevops",
            "tags": {
              "resources": "resources"
            },
            "timeouts": null
          },
          "sensitive_attributes": [],
          "private": "eyJlMmJmYjczMC1lY2FhLTExZTYtOGY4OC0zNDM2M2JjN2M0YzAiOnsiY3JlYXRlIjoxODAwMDAwMDAwMDAwLCJkZWxldGUiOjE4MDAwMDAwMDAwMDAsInJlYWQiOjMwMDAwMDAwMDAwMCwidXBkYXRlIjoxODAwMDAwMDAwMDAwfX0=",
          "dependencies": [
            "data.azurerm_resource_group.Azuredevops"
          ]
        }
      ]
    },
    {
      "mode": "managed",
      "type": "azurerm_lb",
      "name": "main",
      "provider": "provider[\"registry.terraform.io/hashicorp/azurerm\"]",
      "instances": [
        {
          "schema_version": 0,
          "attributes": {
            "edge_zone": "",
            "frontend_ip_configuration": [
              {
                "gateway_load_balancer_frontend_ip_configuration_id": "",
                "id": "/subscriptions/622411f9-056b-4cd2-8612-cd26091f1c5c/resourceGroups/Azuredevops/providers/Microsoft.Network/loadBalancers/Azuredevops-lb/frontendIPConfigurations/PublicIPAddress",
                "inbound_nat_rules": [],
                "load_balancer_rules": [],
                "name": "PublicIPAddress",
                "outbound_rules": [],
                "private_ip_address": "",
                "private_ip_address_allocation": "Dynamic",
                "private_ip_address_version": "",
                "public_ip_address_id": "/subscriptions/622411f9-056b-4cd2-8612-cd26091f1c5c/resourceGroups/Azuredevops/providers/Microsoft.Network/publicIPAddresses/Azuredevops-public-ip",
                "public_ip_prefix_id": "",
                "subnet_id": "",
                "zones": null
              }
            ],
            "id": "/subscriptions/622411f9-056b-4cd2-8612-cd26091f1c5c/resourceGroups/Azuredevops/providers/Microsoft.Network/loadBalancers/Azuredevops-lb",
            "location": "eastus",
            "name": "Azuredevops-lb",
            "private_ip_address": "",
            "private_ip_addresses": [],
            "resource_group_name": "Azuredevops",
            "sku": "Basic",
            "sku_tier": "Regional",
            "tags": {
              "resources": "resources"
            },
            "timeouts": null
          },
          "sensitive_attributes": [],
          "private": "eyJlMmJmYjczMC1lY2FhLTExZTYtOGY4OC0zNDM2M2JjN2M0YzAiOnsiY3JlYXRlIjoxODAwMDAwMDAwMDAwLCJkZWxldGUiOjE4MDAwMDAwMDAwMDAsInJlYWQiOjMwMDAwMDAwMDAwMCwidXBkYXRlIjoxODAwMDAwMDAwMDAwfX0=",
          "dependencies": [
            "azurerm_public_ip.main",
            "data.azurerm_resource_group.Azuredevops"
          ]
        }
      ]
    },
    {
      "mode": "managed",
      "type": "azurerm_lb_backend_address_pool",
      "name": "main",
      "provider": "provider[\"registry.terraform.io/hashicorp/azurerm\"]",
      "instances": [
        {
          "schema_version": 0,
          "attributes": {
            "backend_ip_configurations": [],
            "id": "/subscriptions/622411f9-056b-4cd2-8612-cd26091f1c5c/resourceGroups/Azuredevops/providers/Microsoft.Network/loadBalancers/Azuredevops-lb/backendAddressPools/Azuredevops-lb-backend-pool",
            "inbound_nat_rules": [],
            "load_balancing_rules": [],
            "loadbalancer_id": "/subscriptions/622411f9-056b-4cd2-8612-cd26091f1c5c/resourceGroups/Azuredevops/providers/Microsoft.Network/loadBalancers/Azuredevops-lb",
            "name": "Azuredevops-lb-backend-pool",
            "outbound_rules": [],
            "timeouts": null,
            "tunnel_interface": []
          },
          "sensitive_attributes": [],
          "private": "eyJlMmJmYjczMC1lY2FhLTExZTYtOGY4OC0zNDM2M2JjN2M0YzAiOnsiY3JlYXRlIjoxODAwMDAwMDAwMDAwLCJkZWxldGUiOjE4MDAwMDAwMDAwMDAsInJlYWQiOjMwMDAwMDAwMDAwMCwidXBkYXRlIjoxODAwMDAwMDAwMDAwfX0=",
          "dependencies": [
            "azurerm_lb.main",
            "azurerm_public_ip.main",
            "data.azurerm_resource_group.Azuredevops"
          ]
        }
      ]
    },
    {
      "mode": "managed",
      "type": "azurerm_linux_virtual_machine",
      "name": "main",
      "provider": "provider[\"registry.terraform.io/hashicorp/azurerm\"]",
      "instances": [
        {
          "index_key": 0,
          "schema_version": 0,
          "attributes": {
            "additional_capabilities": [],
            "admin_password": "UdacityProject1",
            "admin_ssh_key": [],
            "admin_username": "UdacityProject1",
            "allow_extension_operations": true,
            "availability_set_id": "/subscriptions/622411f9-056b-4cd2-8612-cd26091f1c5c/resourceGroups/Azuredevops/providers/Microsoft.Compute/availabilitySets/AZUREDEVOPS-ASET",
            "boot_diagnostics": [],
            "capacity_reservation_group_id": "",
            "computer_name": "Azuredevops-vm-0",
            "custom_data": null,
            "dedicated_host_group_id": "",
            "dedicated_host_id": "",
            "disable_password_authentication": false,
            "edge_zone": "",
            "encryption_at_host_enabled": false,
            "eviction_policy": "",
            "extensions_time_budget": "PT1H30M",
            "id": "/subscriptions/622411f9-056b-4cd2-8612-cd26091f1c5c/resourceGroups/Azuredevops/providers/Microsoft.Compute/virtualMachines/Azuredevops-vm-0",
            "identity": [],
            "license_type": "",
            "location": "eastus",
            "max_bid_price": -1,
            "name": "Azuredevops-vm-0",
            "network_interface_ids": [
              "/subscriptions/622411f9-056b-4cd2-8612-cd26091f1c5c/resourceGroups/Azuredevops/providers/Microsoft.Network/networkInterfaces/Azuredevops-0-nic"
            ],
            "os_disk": [
              {
                "caching": "ReadWrite",
                "diff_disk_settings": [],
                "disk_encryption_set_id": "",
                "disk_size_gb": 30,
                "name": "Azuredevops-vm-0_disk1_0ae9a630517d48d0b224897e5cabcd46",
                "secure_vm_disk_encryption_set_id": "",
                "security_encryption_type": "",
                "storage_account_type": "Standard_LRS",
                "write_accelerator_enabled": false
              }
            ],
            "patch_mode": "ImageDefault",
            "plan": [],
            "platform_fault_domain": -1,
            "priority": "Regular",
            "private_ip_address": "10.0.2.5",
            "private_ip_addresses": [
              "10.0.2.5"
            ],
            "provision_vm_agent": true,
            "proximity_placement_group_id": "",
            "public_ip_address": "",
            "public_ip_addresses": [],
            "resource_group_name": "Azuredevops",
            "secret": [],
            "secure_boot_enabled": false,
            "size": "Standard_D2s_v3",
            "source_image_id": "/subscriptions/622411f9-056b-4cd2-8612-cd26091f1c5c/resourceGroups/Azuredevops/providers/Microsoft.Compute/images/WebServerImage",
            "source_image_reference": [],
            "tags": {
              "resources": "resources"
            },
            "termination_notification": null,
            "timeouts": null,
            "user_data": "",
            "virtual_machine_id": "e55259ce-e2b6-41dc-9374-b2346f7f1414",
            "virtual_machine_scale_set_id": "",
            "vtpm_enabled": false,
            "zone": ""
          },
          "sensitive_attributes": [],
          "private": "eyJlMmJmYjczMC1lY2FhLTExZTYtOGY4OC0zNDM2M2JjN2M0YzAiOnsiY3JlYXRlIjoyNzAwMDAwMDAwMDAwLCJkZWxldGUiOjI3MDAwMDAwMDAwMDAsInJlYWQiOjMwMDAwMDAwMDAwMCwidXBkYXRlIjoyNzAwMDAwMDAwMDAwfX0=",
          "dependencies": [
            "azurerm_availability_set.main",
            "azurerm_network_interface.main",
            "azurerm_subnet.main",
            "azurerm_virtual_network.main",
            "data.azurerm_image.webserver",
            "data.azurerm_resource_group.Azuredevops"
          ]
        },
        {
          "index_key": 1,
          "schema_version": 0,
          "attributes": {
            "additional_capabilities": [],
            "admin_password": "UdacityProject1",
            "admin_ssh_key": [],
            "admin_username": "UdacityProject1",
            "allow_extension_operations": true,
            "availability_set_id": "/subscriptions/622411f9-056b-4cd2-8612-cd26091f1c5c/resourceGroups/Azuredevops/providers/Microsoft.Compute/availabilitySets/AZUREDEVOPS-ASET",
            "boot_diagnostics": [],
            "capacity_reservation_group_id": "",
            "computer_name": "Azuredevops-vm-1",
            "custom_data": null,
            "dedicated_host_group_id": "",
            "dedicated_host_id": "",
            "disable_password_authentication": false,
            "edge_zone": "",
            "encryption_at_host_enabled": false,
            "eviction_policy": "",
            "extensions_time_budget": "PT1H30M",
            "id": "/subscriptions/622411f9-056b-4cd2-8612-cd26091f1c5c/resourceGroups/Azuredevops/providers/Microsoft.Compute/virtualMachines/Azuredevops-vm-1",
            "identity": [],
            "license_type": "",
            "location": "eastus",
            "max_bid_price": -1,
            "name": "Azuredevops-vm-1",
            "network_interface_ids": [
              "/subscriptions/622411f9-056b-4cd2-8612-cd26091f1c5c/resourceGroups/Azuredevops/providers/Microsoft.Network/networkInterfaces/Azuredevops-1-nic"
            ],
            "os_disk": [
              {
                "caching": "ReadWrite",
                "diff_disk_settings": [],
                "disk_encryption_set_id": "",
                "disk_size_gb": 30,
                "name": "Azuredevops-vm-1_disk1_e885091742df4daca95878f1200ea702",
                "secure_vm_disk_encryption_set_id": "",
                "security_encryption_type": "",
                "storage_account_type": "Standard_LRS",
                "write_accelerator_enabled": false
              }
            ],
            "patch_mode": "ImageDefault",
            "plan": [],
            "platform_fault_domain": -1,
            "priority": "Regular",
            "private_ip_address": "10.0.2.6",
            "private_ip_addresses": [
              "10.0.2.6"
            ],
            "provision_vm_agent": true,
            "proximity_placement_group_id": "",
            "public_ip_address": "",
            "public_ip_addresses": [],
            "resource_group_name": "Azuredevops",
            "secret": [],
            "secure_boot_enabled": false,
            "size": "Standard_D2s_v3",
            "source_image_id": "/subscriptions/622411f9-056b-4cd2-8612-cd26091f1c5c/resourceGroups/Azuredevops/providers/Microsoft.Compute/images/WebServerImage",
            "source_image_reference": [],
            "tags": {
              "resources": "resources"
            },
            "termination_notification": null,
            "timeouts": null,
            "user_data": "",
            "virtual_machine_id": "181e04db-e34d-4234-9d02-85661e159072",
            "virtual_machine_scale_set_id": "",
            "vtpm_enabled": false,
            "zone": ""
          },
          "sensitive_attributes": [],
          "private": "eyJlMmJmYjczMC1lY2FhLTExZTYtOGY4OC0zNDM2M2JjN2M0YzAiOnsiY3JlYXRlIjoyNzAwMDAwMDAwMDAwLCJkZWxldGUiOjI3MDAwMDAwMDAwMDAsInJlYWQiOjMwMDAwMDAwMDAwMCwidXBkYXRlIjoyNzAwMDAwMDAwMDAwfX0=",
          "dependencies": [
            "azurerm_availability_set.main",
            "azurerm_network_interface.main",
            "azurerm_subnet.main",
            "azurerm_virtual_network.main",
            "data.azurerm_image.webserver",
            "data.azurerm_resource_group.Azuredevops"
          ]
        },
        {
          "index_key": 2,
          "schema_version": 0,
          "attributes": {
            "additional_capabilities": [],
            "admin_password": "UdacityProject1",
            "admin_ssh_key": [],
            "admin_username": "UdacityProject1",
            "allow_extension_operations": true,
            "availability_set_id": "/subscriptions/622411f9-056b-4cd2-8612-cd26091f1c5c/resourceGroups/Azuredevops/providers/Microsoft.Compute/availabilitySets/AZUREDEVOPS-ASET",
            "boot_diagnostics": [],
            "capacity_reservation_group_id": "",
            "computer_name": "Azuredevops-vm-2",
            "custom_data": null,
            "dedicated_host_group_id": "",
            "dedicated_host_id": "",
            "disable_password_authentication": false,
            "edge_zone": "",
            "encryption_at_host_enabled": false,
            "eviction_policy": "",
            "extensions_time_budget": "PT1H30M",
            "id": "/subscriptions/622411f9-056b-4cd2-8612-cd26091f1c5c/resourceGroups/Azuredevops/providers/Microsoft.Compute/virtualMachines/Azuredevops-vm-2",
            "identity": [],
            "license_type": "",
            "location": "eastus",
            "max_bid_price": -1,
            "name": "Azuredevops-vm-2",
            "network_interface_ids": [
              "/subscriptions/622411f9-056b-4cd2-8612-cd26091f1c5c/resourceGroups/Azuredevops/providers/Microsoft.Network/networkInterfaces/Azuredevops-2-nic"
            ],
            "os_disk": [
              {
                "caching": "ReadWrite",
                "diff_disk_settings": [],
                "disk_encryption_set_id": "",
                "disk_size_gb": 30,
                "name": "Azuredevops-vm-2_disk1_7a9aa2f0332b4c279ce4c59d26f5130e",
                "secure_vm_disk_encryption_set_id": "",
                "security_encryption_type": "",
                "storage_account_type": "Standard_LRS",
                "write_accelerator_enabled": false
              }
            ],
            "patch_mode": "ImageDefault",
            "plan": [],
            "platform_fault_domain": -1,
            "priority": "Regular",
            "private_ip_address": "10.0.2.4",
            "private_ip_addresses": [
              "10.0.2.4"
            ],
            "provision_vm_agent": true,
            "proximity_placement_group_id": "",
            "public_ip_address": "",
            "public_ip_addresses": [],
            "resource_group_name": "Azuredevops",
            "secret": [],
            "secure_boot_enabled": false,
            "size": "Standard_D2s_v3",
            "source_image_id": "/subscriptions/622411f9-056b-4cd2-8612-cd26091f1c5c/resourceGroups/Azuredevops/providers/Microsoft.Compute/images/WebServerImage",
            "source_image_reference": [],
            "tags": {
              "resources": "resources"
            },
            "termination_notification": null,
            "timeouts": null,
            "user_data": "",
            "virtual_machine_id": "9724a7af-747e-4c8e-9128-7fc74883c4fc",
            "virtual_machine_scale_set_id": "",
            "vtpm_enabled": false,
            "zone": ""
          },
          "sensitive_attributes": [],
          "private": "eyJlMmJmYjczMC1lY2FhLTExZTYtOGY4OC0zNDM2M2JjN2M0YzAiOnsiY3JlYXRlIjoyNzAwMDAwMDAwMDAwLCJkZWxldGUiOjI3MDAwMDAwMDAwMDAsInJlYWQiOjMwMDAwMDAwMDAwMCwidXBkYXRlIjoyNzAwMDAwMDAwMDAwfX0=",
          "dependencies": [
            "azurerm_availability_set.main",
            "azurerm_network_interface.main",
            "azurerm_subnet.main",
            "azurerm_virtual_network.main",
            "data.azurerm_image.webserver",
            "data.azurerm_resource_group.Azuredevops"
          ]
        }
      ]
    },
    {
      "mode": "managed",
      "type": "azurerm_network_interface",
      "name": "main",
      "provider": "provider[\"registry.terraform.io/hashicorp/azurerm\"]",
      "instances": [
        {
          "index_key": 0,
          "schema_version": 0,
          "attributes": {
            "applied_dns_servers": [],
            "dns_servers": [],
            "edge_zone": "",
            "enable_accelerated_networking": false,
            "enable_ip_forwarding": false,
            "id": "/subscriptions/622411f9-056b-4cd2-8612-cd26091f1c5c/resourceGroups/Azuredevops/providers/Microsoft.Network/networkInterfaces/Azuredevops-0-nic",
            "internal_dns_name_label": "",
            "internal_domain_name_suffix": "qb35hy4a5y2e5nxgbvyxjwibkg.bx.internal.cloudapp.net",
            "ip_configuration": [
              {
                "gateway_load_balancer_frontend_ip_configuration_id": "",
                "name": "internal",
                "primary": true,
                "private_ip_address": "10.0.2.5",
                "private_ip_address_allocation": "Dynamic",
                "private_ip_address_version": "IPv4",
                "public_ip_address_id": "",
                "subnet_id": "/subscriptions/622411f9-056b-4cd2-8612-cd26091f1c5c/resourceGroups/Azuredevops/providers/Microsoft.Network/virtualNetworks/Azuredevops-network/subnets/Azuredevops-subnet"
              }
            ],
            "location": "eastus",
            "mac_address": "",
            "name": "Azuredevops-0-nic",
            "private_ip_address": "10.0.2.5",
            "private_ip_addresses": [
              "10.0.2.5"
            ],
            "resource_group_name": "Azuredevops",
            "tags": {
              "resources": "resources"
            },
            "timeouts": null,
            "virtual_machine_id": ""
          },
          "sensitive_attributes": [],
          "private": "eyJlMmJmYjczMC1lY2FhLTExZTYtOGY4OC0zNDM2M2JjN2M0YzAiOnsiY3JlYXRlIjoxODAwMDAwMDAwMDAwLCJkZWxldGUiOjE4MDAwMDAwMDAwMDAsInJlYWQiOjMwMDAwMDAwMDAwMCwidXBkYXRlIjoxODAwMDAwMDAwMDAwfX0=",
          "dependencies": [
            "azurerm_subnet.main",
            "azurerm_virtual_network.main",
            "data.azurerm_resource_group.Azuredevops"
          ]
        },
        {
          "index_key": 1,
          "schema_version": 0,
          "attributes": {
            "applied_dns_servers": [],
            "dns_servers": [],
            "edge_zone": "",
            "enable_accelerated_networking": false,
            "enable_ip_forwarding": false,
            "id": "/subscriptions/622411f9-056b-4cd2-8612-cd26091f1c5c/resourceGroups/Azuredevops/providers/Microsoft.Network/networkInterfaces/Azuredevops-1-nic",
            "internal_dns_name_label": "",
            "internal_domain_name_suffix": "qb35hy4a5y2e5nxgbvyxjwibkg.bx.internal.cloudapp.net",
            "ip_configuration": [
              {
                "gateway_load_balancer_frontend_ip_configuration_id": "",
                "name": "internal",
                "primary": true,
                "private_ip_address": "10.0.2.6",
                "private_ip_address_allocation": "Dynamic",
                "private_ip_address_version": "IPv4",
                "public_ip_address_id": "",
                "subnet_id": "/subscriptions/622411f9-056b-4cd2-8612-cd26091f1c5c/resourceGroups/Azuredevops/providers/Microsoft.Network/virtualNetworks/Azuredevops-network/subnets/Azuredevops-subnet"
              }
            ],
            "location": "eastus",
            "mac_address": "",
            "name": "Azuredevops-1-nic",
            "private_ip_address": "10.0.2.6",
            "private_ip_addresses": [
              "10.0.2.6"
            ],
            "resource_group_name": "Azuredevops",
            "tags": {
              "resources": "resources"
            },
            "timeouts": null,
            "virtual_machine_id": ""
          },
          "sensitive_attributes": [],
          "private": "eyJlMmJmYjczMC1lY2FhLTExZTYtOGY4OC0zNDM2M2JjN2M0YzAiOnsiY3JlYXRlIjoxODAwMDAwMDAwMDAwLCJkZWxldGUiOjE4MDAwMDAwMDAwMDAsInJlYWQiOjMwMDAwMDAwMDAwMCwidXBkYXRlIjoxODAwMDAwMDAwMDAwfX0=",
          "dependencies": [
            "azurerm_subnet.main",
            "azurerm_virtual_network.main",
            "data.azurerm_resource_group.Azuredevops"
          ]
        },
        {
          "index_key": 2,
          "schema_version": 0,
          "attributes": {
            "applied_dns_servers": [],
            "dns_servers": [],
            "edge_zone": "",
            "enable_accelerated_networking": false,
            "enable_ip_forwarding": false,
            "id": "/subscriptions/622411f9-056b-4cd2-8612-cd26091f1c5c/resourceGroups/Azuredevops/providers/Microsoft.Network/networkInterfaces/Azuredevops-2-nic",
            "internal_dns_name_label": "",
            "internal_domain_name_suffix": "qb35hy4a5y2e5nxgbvyxjwibkg.bx.internal.cloudapp.net",
            "ip_configuration": [
              {
                "gateway_load_balancer_frontend_ip_configuration_id": "",
                "name": "internal",
                "primary": true,
                "private_ip_address": "10.0.2.4",
                "private_ip_address_allocation": "Dynamic",
                "private_ip_address_version": "IPv4",
                "public_ip_address_id": "",
                "subnet_id": "/subscriptions/622411f9-056b-4cd2-8612-cd26091f1c5c/resourceGroups/Azuredevops/providers/Microsoft.Network/virtualNetworks/Azuredevops-network/subnets/Azuredevops-subnet"
              }
            ],
            "location": "eastus",
            "mac_address": "",
            "name": "Azuredevops-2-nic",
            "private_ip_address": "10.0.2.4",
            "private_ip_addresses": [
              "10.0.2.4"
            ],
            "resource_group_name": "Azuredevops",
            "tags": {
              "resources": "resources"
            },
            "timeouts": null,
            "virtual_machine_id": ""
          },
          "sensitive_attributes": [],
          "private": "eyJlMmJmYjczMC1lY2FhLTExZTYtOGY4OC0zNDM2M2JjN2M0YzAiOnsiY3JlYXRlIjoxODAwMDAwMDAwMDAwLCJkZWxldGUiOjE4MDAwMDAwMDAwMDAsInJlYWQiOjMwMDAwMDAwMDAwMCwidXBkYXRlIjoxODAwMDAwMDAwMDAwfX0=",
          "dependencies": [
            "azurerm_subnet.main",
            "azurerm_virtual_network.main",
            "data.azurerm_resource_group.Azuredevops"
          ]
        }
      ]
    },
    {
      "mode": "managed",
      "type": "azurerm_network_interface_backend_address_pool_association",
      "name": "main",
      "provider": "provider[\"registry.terraform.io/hashicorp/azurerm\"]",
      "instances": [
        {
          "index_key": 0,
          "schema_version": 0,
          "attributes": {
            "backend_address_pool_id": "/subscriptions/622411f9-056b-4cd2-8612-cd26091f1c5c/resourceGroups/Azuredevops/providers/Microsoft.Network/loadBalancers/Azuredevops-lb/backendAddressPools/Azuredevops-lb-backend-pool",
            "id": "/subscriptions/622411f9-056b-4cd2-8612-cd26091f1c5c/resourceGroups/Azuredevops/providers/Microsoft.Network/networkInterfaces/Azuredevops-0-nic/ipConfigurations/internal|/subscriptions/622411f9-056b-4cd2-8612-cd26091f1c5c/resourceGroups/Azuredevops/providers/Microsoft.Network/loadBalancers/Azuredevops-lb/backendAddressPools/Azuredevops-lb-backend-pool",
            "ip_configuration_name": "internal",
            "network_interface_id": "/subscriptions/622411f9-056b-4cd2-8612-cd26091f1c5c/resourceGroups/Azuredevops/providers/Microsoft.Network/networkInterfaces/Azuredevops-0-nic",
            "timeouts": null
          },
          "sensitive_attributes": [],
          "private": "eyJlMmJmYjczMC1lY2FhLTExZTYtOGY4OC0zNDM2M2JjN2M0YzAiOnsiY3JlYXRlIjoxODAwMDAwMDAwMDAwLCJkZWxldGUiOjE4MDAwMDAwMDAwMDAsInJlYWQiOjMwMDAwMDAwMDAwMCwidXBkYXRlIjoxODAwMDAwMDAwMDAwfX0=",
          "dependencies": [
            "azurerm_lb.main",
            "azurerm_lb_backend_address_pool.main",
            "azurerm_network_interface.main",
            "azurerm_public_ip.main",
            "azurerm_subnet.main",
            "azurerm_virtual_network.main",
            "data.azurerm_resource_group.Azuredevops"
          ]
        },
        {
          "index_key": 1,
          "schema_version": 0,
          "attributes": {
            "backend_address_pool_id": "/subscriptions/622411f9-056b-4cd2-8612-cd26091f1c5c/resourceGroups/Azuredevops/providers/Microsoft.Network/loadBalancers/Azuredevops-lb/backendAddressPools/Azuredevops-lb-backend-pool",
            "id": "/subscriptions/622411f9-056b-4cd2-8612-cd26091f1c5c/resourceGroups/Azuredevops/providers/Microsoft.Network/networkInterfaces/Azuredevops-1-nic/ipConfigurations/internal|/subscriptions/622411f9-056b-4cd2-8612-cd26091f1c5c/resourceGroups/Azuredevops/providers/Microsoft.Network/loadBalancers/Azuredevops-lb/backendAddressPools/Azuredevops-lb-backend-pool",
            "ip_configuration_name": "internal",
            "network_interface_id": "/subscriptions/622411f9-056b-4cd2-8612-cd26091f1c5c/resourceGroups/Azuredevops/providers/Microsoft.Network/networkInterfaces/Azuredevops-1-nic",
            "timeouts": null
          },
          "sensitive_attributes": [],
          "private": "eyJlMmJmYjczMC1lY2FhLTExZTYtOGY4OC0zNDM2M2JjN2M0YzAiOnsiY3JlYXRlIjoxODAwMDAwMDAwMDAwLCJkZWxldGUiOjE4MDAwMDAwMDAwMDAsInJlYWQiOjMwMDAwMDAwMDAwMCwidXBkYXRlIjoxODAwMDAwMDAwMDAwfX0=",
          "dependencies": [
            "azurerm_lb.main",
            "azurerm_lb_backend_address_pool.main",
            "azurerm_network_interface.main",
            "azurerm_public_ip.main",
            "azurerm_subnet.main",
            "azurerm_virtual_network.main",
            "data.azurerm_resource_group.Azuredevops"
          ]
        },
        {
          "index_key": 2,
          "schema_version": 0,
          "attributes": {
            "backend_address_pool_id": "/subscriptions/622411f9-056b-4cd2-8612-cd26091f1c5c/resourceGroups/Azuredevops/providers/Microsoft.Network/loadBalancers/Azuredevops-lb/backendAddressPools/Azuredevops-lb-backend-pool",
            "id": "/subscriptions/622411f9-056b-4cd2-8612-cd26091f1c5c/resourceGroups/Azuredevops/providers/Microsoft.Network/networkInterfaces/Azuredevops-2-nic/ipConfigurations/internal|/subscriptions/622411f9-056b-4cd2-8612-cd26091f1c5c/resourceGroups/Azuredevops/providers/Microsoft.Network/loadBalancers/Azuredevops-lb/backendAddressPools/Azuredevops-lb-backend-pool",
            "ip_configuration_name": "internal",
            "network_interface_id": "/subscriptions/622411f9-056b-4cd2-8612-cd26091f1c5c/resourceGroups/Azuredevops/providers/Microsoft.Network/networkInterfaces/Azuredevops-2-nic",
            "timeouts": null
          },
          "sensitive_attributes": [],
          "private": "eyJlMmJmYjczMC1lY2FhLTExZTYtOGY4OC0zNDM2M2JjN2M0YzAiOnsiY3JlYXRlIjoxODAwMDAwMDAwMDAwLCJkZWxldGUiOjE4MDAwMDAwMDAwMDAsInJlYWQiOjMwMDAwMDAwMDAwMCwidXBkYXRlIjoxODAwMDAwMDAwMDAwfX0=",
          "dependencies": [
            "azurerm_lb.main",
            "azurerm_lb_backend_address_pool.main",
            "azurerm_network_interface.main",
            "azurerm_public_ip.main",
            "azurerm_subnet.main",
            "azurerm_virtual_network.main",
            "data.azurerm_resource_group.Azuredevops"
          ]
        }
      ]
    },
    {
      "mode": "managed",
      "type": "azurerm_network_security_group",
      "name": "main",
      "provider": "provider[\"registry.terraform.io/hashicorp/azurerm\"]",
      "instances": [
        {
          "schema_version": 0,
          "attributes": {
            "id": "/subscriptions/622411f9-056b-4cd2-8612-cd26091f1c5c/resourceGroups/Azuredevops/providers/Microsoft.Network/networkSecurityGroups/Azuredevops-nsg",
            "location": "eastus",
            "name": "Azuredevops-nsg",
            "resource_group_name": "Azuredevops",
            "security_rule": [],
            "tags": {
              "resources": "resources"
            },
            "timeouts": null
          },
          "sensitive_attributes": [],
          "private": "eyJlMmJmYjczMC1lY2FhLTExZTYtOGY4OC0zNDM2M2JjN2M0YzAiOnsiY3JlYXRlIjoxODAwMDAwMDAwMDAwLCJkZWxldGUiOjE4MDAwMDAwMDAwMDAsInJlYWQiOjMwMDAwMDAwMDAwMCwidXBkYXRlIjoxODAwMDAwMDAwMDAwfX0=",
          "dependencies": [
            "data.azurerm_resource_group.Azuredevops"
          ]
        }
      ]
    },
    {
      "mode": "managed",
      "type": "azurerm_network_security_rule",
      "name": "AllowInboundLB",
      "provider": "provider[\"registry.terraform.io/hashicorp/azurerm\"]",
      "instances": [
        {
          "schema_version": 0,
          "attributes": {
            "access": "Allow",
            "description": "",
            "destination_address_prefix": "VirtualNetwork",
            "destination_address_prefixes": null,
            "destination_application_security_group_ids": null,
            "destination_port_range": "*",
            "destination_port_ranges": null,
            "direction": "Inbound",
            "id": "/subscriptions/622411f9-056b-4cd2-8612-cd26091f1c5c/resourceGroups/Azuredevops/providers/Microsoft.Network/networkSecurityGroups/Azuredevops-nsg/securityRules/Azuredevops-inbound-allow-lb-SR",
            "name": "Azuredevops-inbound-allow-lb-SR",
            "network_security_group_name": "Azuredevops-nsg",
            "priority": 103,
            "protocol": "*",
            "resource_group_name": "Azuredevops",
            "source_address_prefix": "AzureLoadBalancer",
            "source_address_prefixes": null,
            "source_application_security_group_ids": null,
            "source_port_range": "*",
            "source_port_ranges": null,
            "timeouts": null
          },
          "sensitive_attributes": [],
          "private": "eyJlMmJmYjczMC1lY2FhLTExZTYtOGY4OC0zNDM2M2JjN2M0YzAiOnsiY3JlYXRlIjoxODAwMDAwMDAwMDAwLCJkZWxldGUiOjE4MDAwMDAwMDAwMDAsInJlYWQiOjMwMDAwMDAwMDAwMCwidXBkYXRlIjoxODAwMDAwMDAwMDAwfX0=",
          "dependencies": [
            "azurerm_network_security_group.main",
            "data.azurerm_resource_group.Azuredevops"
          ]
        }
      ]
    },
    {
      "mode": "managed",
      "type": "azurerm_network_security_rule",
      "name": "AllowInboundVM",
      "provider": "provider[\"registry.terraform.io/hashicorp/azurerm\"]",
      "instances": [
        {
          "schema_version": 0,
          "attributes": {
            "access": "Allow",
            "description": "",
            "destination_address_prefix": "VirtualNetwork",
            "destination_address_prefixes": null,
            "destination_application_security_group_ids": null,
            "destination_port_range": "*",
            "destination_port_ranges": null,
            "direction": "Inbound",
            "id": "/subscriptions/622411f9-056b-4cd2-8612-cd26091f1c5c/resourceGroups/Azuredevops/providers/Microsoft.Network/networkSecurityGroups/Azuredevops-nsg/securityRules/Azuredevops-inbound-allow-vm-SR",
            "name": "Azuredevops-inbound-allow-vm-SR",
            "network_security_group_name": "Azuredevops-nsg",
            "priority": 101,
            "protocol": "*",
            "resource_group_name": "Azuredevops",
            "source_address_prefix": "VirtualNetwork",
            "source_address_prefixes": null,
            "source_application_security_group_ids": null,
            "source_port_range": "*",
            "source_port_ranges": null,
            "timeouts": null
          },
          "sensitive_attributes": [],
          "private": "eyJlMmJmYjczMC1lY2FhLTExZTYtOGY4OC0zNDM2M2JjN2M0YzAiOnsiY3JlYXRlIjoxODAwMDAwMDAwMDAwLCJkZWxldGUiOjE4MDAwMDAwMDAwMDAsInJlYWQiOjMwMDAwMDAwMDAwMCwidXBkYXRlIjoxODAwMDAwMDAwMDAwfX0=",
          "dependencies": [
            "azurerm_network_security_group.main",
            "data.azurerm_resource_group.Azuredevops"
          ]
        }
      ]
    },
    {
      "mode": "managed",
      "type": "azurerm_network_security_rule",
      "name": "AllowOutboundVM",
      "provider": "provider[\"registry.terraform.io/hashicorp/azurerm\"]",
      "instances": [
        {
          "schema_version": 0,
          "attributes": {
            "access": "Allow",
            "description": "",
            "destination_address_prefix": "VirtualNetwork",
            "destination_address_prefixes": null,
            "destination_application_security_group_ids": null,
            "destination_port_range": "*",
            "destination_port_ranges": null,
            "direction": "Outbound",
            "id": "/subscriptions/622411f9-056b-4cd2-8612-cd26091f1c5c/resourceGroups/Azuredevops/providers/Microsoft.Network/networkSecurityGroups/Azuredevops-nsg/securityRules/Azuredevops-outbound-allow-vm-SR",
            "name": "Azuredevops-outbound-allow-vm-SR",
            "network_security_group_name": "Azuredevops-nsg",
            "priority": 102,
            "protocol": "*",
            "resource_group_name": "Azuredevops",
            "source_address_prefix": "VirtualNetwork",
            "source_address_prefixes": null,
            "source_application_security_group_ids": null,
            "source_port_range": "*",
            "source_port_ranges": null,
            "timeouts": null
          },
          "sensitive_attributes": [],
          "private": "eyJlMmJmYjczMC1lY2FhLTExZTYtOGY4OC0zNDM2M2JjN2M0YzAiOnsiY3JlYXRlIjoxODAwMDAwMDAwMDAwLCJkZWxldGUiOjE4MDAwMDAwMDAwMDAsInJlYWQiOjMwMDAwMDAwMDAwMCwidXBkYXRlIjoxODAwMDAwMDAwMDAwfX0=",
          "dependencies": [
            "azurerm_network_security_group.main",
            "data.azurerm_resource_group.Azuredevops"
          ]
        }
      ]
    },
    {
      "mode": "managed",
      "type": "azurerm_network_security_rule",
      "name": "DenyInboundInternet",
      "provider": "provider[\"registry.terraform.io/hashicorp/azurerm\"]",
      "instances": [
        {
          "schema_version": 0,
          "attributes": {
            "access": "Deny",
            "description": "",
            "destination_address_prefix": "Internet",
            "destination_address_prefixes": null,
            "destination_application_security_group_ids": null,
            "destination_port_range": "*",
            "destination_port_ranges": null,
            "direction": "Inbound",
            "id": "/subscriptions/622411f9-056b-4cd2-8612-cd26091f1c5c/resourceGroups/Azuredevops/providers/Microsoft.Network/networkSecurityGroups/Azuredevops-nsg/securityRules/Azuredevops-inbound-deny-SR",
            "name": "Azuredevops-inbound-deny-SR",
            "network_security_group_name": "Azuredevops-nsg",
            "priority": 100,
            "protocol": "*",
            "resource_group_name": "Azuredevops",
            "source_address_prefix": "0.0.0.0/0",
            "source_address_prefixes": null,
            "source_application_security_group_ids": null,
            "source_port_range": "*",
            "source_port_ranges": null,
            "timeouts": null
          },
          "sensitive_attributes": [],
          "private": "eyJlMmJmYjczMC1lY2FhLTExZTYtOGY4OC0zNDM2M2JjN2M0YzAiOnsiY3JlYXRlIjoxODAwMDAwMDAwMDAwLCJkZWxldGUiOjE4MDAwMDAwMDAwMDAsInJlYWQiOjMwMDAwMDAwMDAwMCwidXBkYXRlIjoxODAwMDAwMDAwMDAwfX0=",
          "dependencies": [
            "azurerm_network_security_group.main",
            "data.azurerm_resource_group.Azuredevops"
          ]
        }
      ]
    },
    {
      "mode": "managed",
      "type": "azurerm_public_ip",
      "name": "main",
      "provider": "provider[\"registry.terraform.io/hashicorp/azurerm\"]",
      "instances": [
        {
          "schema_version": 0,
          "attributes": {
            "allocation_method": "Static",
            "domain_name_label": null,
            "edge_zone": "",
            "fqdn": null,
            "id": "/subscriptions/622411f9-056b-4cd2-8612-cd26091f1c5c/resourceGroups/Azuredevops/providers/Microsoft.Network/publicIPAddresses/Azuredevops-public-ip",
            "idle_timeout_in_minutes": 4,
            "ip_address": "20.124.189.247",
            "ip_tags": null,
            "ip_version": "IPv4",
            "location": "eastus",
            "name": "Azuredevops-public-ip",
            "public_ip_prefix_id": null,
            "resource_group_name": "Azuredevops",
            "reverse_fqdn": null,
            "sku": "Basic",
            "sku_tier": "Regional",
            "tags": {
              "resources": "resources"
            },
            "timeouts": null,
            "zones": null
          },
          "sensitive_attributes": [],
          "private": "eyJlMmJmYjczMC1lY2FhLTExZTYtOGY4OC0zNDM2M2JjN2M0YzAiOnsiY3JlYXRlIjoxODAwMDAwMDAwMDAwLCJkZWxldGUiOjE4MDAwMDAwMDAwMDAsInJlYWQiOjMwMDAwMDAwMDAwMCwidXBkYXRlIjoxODAwMDAwMDAwMDAwfX0=",
          "dependencies": [
            "data.azurerm_resource_group.Azuredevops"
          ]
        }
      ]
    },
    {
      "mode": "managed",
      "type": "azurerm_subnet",
      "name": "main",
      "provider": "provider[\"registry.terraform.io/hashicorp/azurerm\"]",
      "instances": [
        {
          "schema_version": 0,
          "attributes": {
            "address_prefixes": [
              "10.0.2.0/24"
            ],
            "delegation": [],
            "enforce_private_link_endpoint_network_policies": false,
            "enforce_private_link_service_network_policies": false,
            "id": "/subscriptions/622411f9-056b-4cd2-8612-cd26091f1c5c/resourceGroups/Azuredevops/providers/Microsoft.Network/virtualNetworks/Azuredevops-network/subnets/Azuredevops-subnet",
            "name": "Azuredevops-subnet",
            "resource_group_name": "Azuredevops",
            "service_endpoint_policy_ids": null,
            "service_endpoints": null,
            "timeouts": null,
            "virtual_network_name": "Azuredevops-network"
          },
          "sensitive_attributes": [],
          "private": "eyJlMmJmYjczMC1lY2FhLTExZTYtOGY4OC0zNDM2M2JjN2M0YzAiOnsiY3JlYXRlIjoxODAwMDAwMDAwMDAwLCJkZWxldGUiOjE4MDAwMDAwMDAwMDAsInJlYWQiOjMwMDAwMDAwMDAwMCwidXBkYXRlIjoxODAwMDAwMDAwMDAwfX0=",
          "dependencies": [
            "azurerm_virtual_network.main",
            "data.azurerm_resource_group.Azuredevops"
          ]
        }
      ]
    },
    {
      "mode": "managed",
      "type": "azurerm_virtual_network",
      "name": "main",
      "provider": "provider[\"registry.terraform.io/hashicorp/azurerm\"]",
      "instances": [
        {
          "schema_version": 0,
          "attributes": {
            "address_space": [
              "10.0.0.0/16"
            ],
            "bgp_community": "",
            "ddos_protection_plan": [],
            "dns_servers": [],
            "edge_zone": "",
            "flow_timeout_in_minutes": 0,
            "guid": "e3f37b80-fec0-4f38-b6e6-0d7174d90156",
            "id": "/subscriptions/622411f9-056b-4cd2-8612-cd26091f1c5c/resourceGroups/Azuredevops/providers/Microsoft.Network/virtualNetworks/Azuredevops-network",
            "location": "eastus",
            "name": "Azuredevops-network",
            "resource_group_name": "Azuredevops",
            "subnet": [],
            "tags": {
              "resources": "resources"
            },
            "timeouts": null
          },
          "sensitive_attributes": [],
          "private": "eyJlMmJmYjczMC1lY2FhLTExZTYtOGY4OC0zNDM2M2JjN2M0YzAiOnsiY3JlYXRlIjoxODAwMDAwMDAwMDAwLCJkZWxldGUiOjE4MDAwMDAwMDAwMDAsInJlYWQiOjMwMDAwMDAwMDAwMCwidXBkYXRlIjoxODAwMDAwMDAwMDAwfX0=",
          "dependencies": [
            "data.azurerm_resource_group.Azuredevops"
          ]
        }
      ]
    }
  ]
}
